PODS:
  - Bolts/Tasks (1.9.0)
  - Parse (1.17.1):
    - Parse/Core (= 1.17.1)
  - Parse/Core (1.17.1):
    - Bolts/Tasks (~> 1.9)
  - RAMAnimatedTabBarController (4.0.1)

DEPENDENCIES:
  - Parse
  - RAMAnimatedTabBarController

SPEC REPOS:
  https://github.com/cocoapods/specs.git:
    - Bolts
    - Parse
    - RAMAnimatedTabBarController

SPEC CHECKSUMS:
  Bolts: ac6567323eac61e203f6a9763667d0f711be34c8
  Parse: d3edaf8c7c722cb33cb83ba7821d015ae32d362d
  RAMAnimatedTabBarController: 677d6f7ec7e88b1089486f4db49b0a5067e8ad1c

PODFILE CHECKSUM: 18373e9a97ea358d810c8581f961633817924c7a

COCOAPODS: 1.5.3
