PODS:
  - Bolts/Tasks (1.9.0)
  - CircleMenu (4.0.1)
  - Parse (1.17.1):
    - Parse/Core (= 1.17.1)
  - Parse/Core (1.17.1):
    - Bolts/Tasks (~> 1.9)

DEPENDENCIES:
  - CircleMenu
  - Parse

SPEC REPOS:
  https://github.com/cocoapods/specs.git:
    - Bolts
    - CircleMenu
    - Parse

SPEC CHECKSUMS:
  Bolts: ac6567323eac61e203f6a9763667d0f711be34c8
  CircleMenu: d846569acbe805b75cef5793056707224240db64
  Parse: d3edaf8c7c722cb33cb83ba7821d015ae32d362d

PODFILE CHECKSUM: fb214fdccc3a900dece92a49c9ebaea576c9873c

COCOAPODS: 1.5.3
