PODS:
  - Bolts/Tasks (1.9.0)
  - Parse (1.17.2):
    - Parse/Core (= 1.17.2)
  - Parse/Core (1.17.2):
    - Bolts/Tasks (~> 1.9)
  - RAMAnimatedTabBarController (5.0.0)

DEPENDENCIES:
  - Parse
  - RAMAnimatedTabBarController

SPEC REPOS:
  https://github.com/cocoapods/specs.git:
    - Bolts
    - Parse
    - RAMAnimatedTabBarController

SPEC CHECKSUMS:
  Bolts: ac6567323eac61e203f6a9763667d0f711be34c8
  Parse: 3b31a3dd1777b07ee7f0caee32fafbff544483a5
  RAMAnimatedTabBarController: 6736db7bec2ec74d64059ee9cb40cb9bd281338e

PODFILE CHECKSUM: 18373e9a97ea358d810c8581f961633817924c7a

COCOAPODS: 1.5.3
