// !$*UTF8*$!
{
	archiveVersion = 1;
	classes = {
	};
	objectVersion = 50;
	objects = {

/* Begin PBXBuildFile section */
		039897FB220DE0DB426A854D /* Pods_Stream_Rooms.framework in Frameworks */ = {isa = PBXBuildFile; fileRef = 67FFF8247E8B5F5BEAFB0A03 /* Pods_Stream_Rooms.framework */; };
		73E7DC4950F860C72BDF402B /* Pods_Stream_RoomsTests.framework in Frameworks */ = {isa = PBXBuildFile; fileRef = C69CF2FD2D29EFCE99FBCA33 /* Pods_Stream_RoomsTests.framework */; };
		7D5FC96022700391006A2970 /* ChatCell.swift in Sources */ = {isa = PBXBuildFile; fileRef = 7D5FC95F22700391006A2970 /* ChatCell.swift */; };
		7D8460F822570C38009F4D4E /* Assets.xcassets in Resources */ = {isa = PBXBuildFile; fileRef = 7D8460F722570C38009F4D4E /* Assets.xcassets */; };
		7DA038232257E1D30068B386 /* RAMAnimatedTabBarController in Resources */ = {isa = PBXBuildFile; fileRef = 7DA038222257E1D30068B386 /* RAMAnimatedTabBarController */; };
		7DA038262259A4340068B386 /* MusicViewController.swift in Sources */ = {isa = PBXBuildFile; fileRef = 7DA038252259A4340068B386 /* MusicViewController.swift */; };
		7DA038282259A4460068B386 /* SettingsViewController.swift in Sources */ = {isa = PBXBuildFile; fileRef = 7DA038272259A4460068B386 /* SettingsViewController.swift */; };
		7DA0382A2259A4510068B386 /* ProfileViewController.swift in Sources */ = {isa = PBXBuildFile; fileRef = 7DA038292259A4510068B386 /* ProfileViewController.swift */; };
		7DA0382C225A90E80068B386 /* LoginViewController.swift in Sources */ = {isa = PBXBuildFile; fileRef = 7DA0382B225A90E80068B386 /* LoginViewController.swift */; };
		7DB9A88022568A33008B61DD /* HomeViewController.swift in Sources */ = {isa = PBXBuildFile; fileRef = 7DB9A87F22568A33008B61DD /* HomeViewController.swift */; };
		7DC584C4225516DE005C9E12 /* AppDelegate.swift in Sources */ = {isa = PBXBuildFile; fileRef = 7DC584C3225516DE005C9E12 /* AppDelegate.swift */; };
		7DC584C9225516DE005C9E12 /* Main.storyboard in Resources */ = {isa = PBXBuildFile; fileRef = 7DC584C7225516DE005C9E12 /* Main.storyboard */; };
		7DC584CE225516E1005C9E12 /* LaunchScreen.storyboard in Resources */ = {isa = PBXBuildFile; fileRef = 7DC584CC225516E1005C9E12 /* LaunchScreen.storyboard */; };
		7DC584D9225516E1005C9E12 /* Stream_RoomsTests.swift in Sources */ = {isa = PBXBuildFile; fileRef = 7DC584D8225516E1005C9E12 /* Stream_RoomsTests.swift */; };
		7DC584E4225516E1005C9E12 /* Stream_RoomsUITests.swift in Sources */ = {isa = PBXBuildFile; fileRef = 7DC584E3225516E1005C9E12 /* Stream_RoomsUITests.swift */; };
		90A0D32EEB412934AD4E90A6 /* Pods_Stream_RoomsUITests.framework in Frameworks */ = {isa = PBXBuildFile; fileRef = 95324A89FF75F17B766DF530 /* Pods_Stream_RoomsUITests.framework */; };
		C855B0A0226F18E200A67B2E /* SpotifyiOS.framework in Frameworks */ = {isa = PBXBuildFile; fileRef = C855B09F226F18E200A67B2E /* SpotifyiOS.framework */; };
		C855B0A6226F22BF00A67B2E /* config.swift in Sources */ = {isa = PBXBuildFile; fileRef = C855B0A5226F22BF00A67B2E /* config.swift */; };
		C855B0AA226F248D00A67B2E /* GenreSelectViewController.swift in Sources */ = {isa = PBXBuildFile; fileRef = C855B0A9226F248D00A67B2E /* GenreSelectViewController.swift */; };
		C855B0AC226F2E9600A67B2E /* GenreCell.swift in Sources */ = {isa = PBXBuildFile; fileRef = C855B0AB226F2E9600A67B2E /* GenreCell.swift */; };
		C855B0AE226F5FA300A67B2E /* ArtistSelectViewController.swift in Sources */ = {isa = PBXBuildFile; fileRef = C855B0AD226F5FA300A67B2E /* ArtistSelectViewController.swift */; };
		C855B0B0226F9A8C00A67B2E /* ArtistCell.swift in Sources */ = {isa = PBXBuildFile; fileRef = C855B0AF226F9A8C00A67B2E /* ArtistCell.swift */; };
		C855B0B2226FE1C600A67B2E /* EditProfileViewController.swift in Sources */ = {isa = PBXBuildFile; fileRef = C855B0B1226FE1C600A67B2E /* EditProfileViewController.swift */; };
		C8C539D922661D800020C3B8 /* Streamroom.swift in Sources */ = {isa = PBXBuildFile; fileRef = C8C539D822661D800020C3B8 /* Streamroom.swift */; };
		C8C539DC22662FFD0020C3B8 /* Artist.swift in Sources */ = {isa = PBXBuildFile; fileRef = C8C539DB22662FFD0020C3B8 /* Artist.swift */; };
		C8C539DE2266300F0020C3B8 /* Genre.swift in Sources */ = {isa = PBXBuildFile; fileRef = C8C539DD2266300F0020C3B8 /* Genre.swift */; };
		C8C539E32266B4B60020C3B8 /* StreamCell.swift in Sources */ = {isa = PBXBuildFile; fileRef = C8C539E22266B4B60020C3B8 /* StreamCell.swift */; };
		C8C6C3862266BB4F0078BB50 /* StreamViewController.swift in Sources */ = {isa = PBXBuildFile; fileRef = C8C6C3852266BB4F0078BB50 /* StreamViewController.swift */; };
		C8C6C3882266C5E40078BB50 /* CreateStreamViewController.swift in Sources */ = {isa = PBXBuildFile; fileRef = C8C6C3872266C5E40078BB50 /* CreateStreamViewController.swift */; };
/* End PBXBuildFile section */

/* Begin PBXContainerItemProxy section */
		7DC584D5225516E1005C9E12 /* PBXContainerItemProxy */ = {
			isa = PBXContainerItemProxy;
			containerPortal = 7DC584B8225516DE005C9E12 /* Project object */;
			proxyType = 1;
			remoteGlobalIDString = 7DC584BF225516DE005C9E12;
			remoteInfo = "Stream Rooms";
		};
		7DC584E0225516E1005C9E12 /* PBXContainerItemProxy */ = {
			isa = PBXContainerItemProxy;
			containerPortal = 7DC584B8225516DE005C9E12 /* Project object */;
			proxyType = 1;
			remoteGlobalIDString = 7DC584BF225516DE005C9E12;
			remoteInfo = "Stream Rooms";
		};
/* End PBXContainerItemProxy section */

/* Begin PBXFileReference section */
		0883CE8F03EAC1FABABD125C /* Pods-Stream Rooms.release.xcconfig */ = {isa = PBXFileReference; includeInIndex = 1; lastKnownFileType = text.xcconfig; name = "Pods-Stream Rooms.release.xcconfig"; path = "Pods/Target Support Files/Pods-Stream Rooms/Pods-Stream Rooms.release.xcconfig"; sourceTree = "<group>"; };
		2CFFB3153346FB653C6F71C6 /* Pods-Stream Rooms.debug.xcconfig */ = {isa = PBXFileReference; includeInIndex = 1; lastKnownFileType = text.xcconfig; name = "Pods-Stream Rooms.debug.xcconfig"; path = "Pods/Target Support Files/Pods-Stream Rooms/Pods-Stream Rooms.debug.xcconfig"; sourceTree = "<group>"; };
		4969B92A8E4E44CB029CA4C0 /* Pods-Stream RoomsUITests.release.xcconfig */ = {isa = PBXFileReference; includeInIndex = 1; lastKnownFileType = text.xcconfig; name = "Pods-Stream RoomsUITests.release.xcconfig"; path = "Pods/Target Support Files/Pods-Stream RoomsUITests/Pods-Stream RoomsUITests.release.xcconfig"; sourceTree = "<group>"; };
		67FFF8247E8B5F5BEAFB0A03 /* Pods_Stream_Rooms.framework */ = {isa = PBXFileReference; explicitFileType = wrapper.framework; includeInIndex = 0; path = Pods_Stream_Rooms.framework; sourceTree = BUILT_PRODUCTS_DIR; };
		7D5FC95F22700391006A2970 /* ChatCell.swift */ = {isa = PBXFileReference; lastKnownFileType = sourcecode.swift; path = ChatCell.swift; sourceTree = "<group>"; };
		7D624D92226797B0003C4A2E /* Foundation.framework */ = {isa = PBXFileReference; lastKnownFileType = wrapper.framework; name = Foundation.framework; path = System/Library/Frameworks/Foundation.framework; sourceTree = SDKROOT; };
		7D8460F722570C38009F4D4E /* Assets.xcassets */ = {isa = PBXFileReference; lastKnownFileType = folder.assetcatalog; path = Assets.xcassets; sourceTree = "<group>"; };
		7DA038222257E1D30068B386 /* RAMAnimatedTabBarController */ = {isa = PBXFileReference; lastKnownFileType = folder; name = RAMAnimatedTabBarController; path = "../../animated-tab-bar/RAMAnimatedTabBarController"; sourceTree = "<group>"; };
		7DA038252259A4340068B386 /* MusicViewController.swift */ = {isa = PBXFileReference; lastKnownFileType = sourcecode.swift; path = MusicViewController.swift; sourceTree = "<group>"; };
		7DA038272259A4460068B386 /* SettingsViewController.swift */ = {isa = PBXFileReference; lastKnownFileType = sourcecode.swift; path = SettingsViewController.swift; sourceTree = "<group>"; };
		7DA038292259A4510068B386 /* ProfileViewController.swift */ = {isa = PBXFileReference; lastKnownFileType = sourcecode.swift; path = ProfileViewController.swift; sourceTree = "<group>"; };
		7DA0382B225A90E80068B386 /* LoginViewController.swift */ = {isa = PBXFileReference; lastKnownFileType = sourcecode.swift; path = LoginViewController.swift; sourceTree = "<group>"; };
		7DB9A87F22568A33008B61DD /* HomeViewController.swift */ = {isa = PBXFileReference; lastKnownFileType = sourcecode.swift; path = HomeViewController.swift; sourceTree = "<group>"; };
		7DC584C0225516DE005C9E12 /* Stream Rooms.app */ = {isa = PBXFileReference; explicitFileType = wrapper.application; includeInIndex = 0; path = "Stream Rooms.app"; sourceTree = BUILT_PRODUCTS_DIR; };
		7DC584C3225516DE005C9E12 /* AppDelegate.swift */ = {isa = PBXFileReference; lastKnownFileType = sourcecode.swift; path = AppDelegate.swift; sourceTree = "<group>"; };
		7DC584C8225516DE005C9E12 /* Base */ = {isa = PBXFileReference; lastKnownFileType = file.storyboard; name = Base; path = Base.lproj/Main.storyboard; sourceTree = "<group>"; };
		7DC584CD225516E1005C9E12 /* Base */ = {isa = PBXFileReference; lastKnownFileType = file.storyboard; name = Base; path = Base.lproj/LaunchScreen.storyboard; sourceTree = "<group>"; };
		7DC584CF225516E1005C9E12 /* Info.plist */ = {isa = PBXFileReference; lastKnownFileType = text.plist.xml; path = Info.plist; sourceTree = "<group>"; };
		7DC584D4225516E1005C9E12 /* Stream RoomsTests.xctest */ = {isa = PBXFileReference; explicitFileType = wrapper.cfbundle; includeInIndex = 0; path = "Stream RoomsTests.xctest"; sourceTree = BUILT_PRODUCTS_DIR; };
		7DC584D8225516E1005C9E12 /* Stream_RoomsTests.swift */ = {isa = PBXFileReference; lastKnownFileType = sourcecode.swift; path = Stream_RoomsTests.swift; sourceTree = "<group>"; };
		7DC584DA225516E1005C9E12 /* Info.plist */ = {isa = PBXFileReference; lastKnownFileType = text.plist.xml; path = Info.plist; sourceTree = "<group>"; };
		7DC584DF225516E1005C9E12 /* Stream RoomsUITests.xctest */ = {isa = PBXFileReference; explicitFileType = wrapper.cfbundle; includeInIndex = 0; path = "Stream RoomsUITests.xctest"; sourceTree = BUILT_PRODUCTS_DIR; };
		7DC584E3225516E1005C9E12 /* Stream_RoomsUITests.swift */ = {isa = PBXFileReference; lastKnownFileType = sourcecode.swift; path = Stream_RoomsUITests.swift; sourceTree = "<group>"; };
		7DC584E5225516E1005C9E12 /* Info.plist */ = {isa = PBXFileReference; lastKnownFileType = text.plist.xml; path = Info.plist; sourceTree = "<group>"; };
		95324A89FF75F17B766DF530 /* Pods_Stream_RoomsUITests.framework */ = {isa = PBXFileReference; explicitFileType = wrapper.framework; includeInIndex = 0; path = Pods_Stream_RoomsUITests.framework; sourceTree = BUILT_PRODUCTS_DIR; };
		958F4D74B7D98B370A7F65FD /* Pods-Stream RoomsUITests.debug.xcconfig */ = {isa = PBXFileReference; includeInIndex = 1; lastKnownFileType = text.xcconfig; name = "Pods-Stream RoomsUITests.debug.xcconfig"; path = "Pods/Target Support Files/Pods-Stream RoomsUITests/Pods-Stream RoomsUITests.debug.xcconfig"; sourceTree = "<group>"; };
		C69CF2FD2D29EFCE99FBCA33 /* Pods_Stream_RoomsTests.framework */ = {isa = PBXFileReference; explicitFileType = wrapper.framework; includeInIndex = 0; path = Pods_Stream_RoomsTests.framework; sourceTree = BUILT_PRODUCTS_DIR; };
		C855B09F226F18E200A67B2E /* SpotifyiOS.framework */ = {isa = PBXFileReference; lastKnownFileType = wrapper.framework; path = SpotifyiOS.framework; sourceTree = "<group>"; };
		C855B0A1226F195B00A67B2E /* Stream Rooms-Bridging-Header.h */ = {isa = PBXFileReference; lastKnownFileType = sourcecode.c.h; path = "Stream Rooms-Bridging-Header.h"; sourceTree = "<group>"; };
		C855B0A5226F22BF00A67B2E /* config.swift */ = {isa = PBXFileReference; lastKnownFileType = sourcecode.swift; path = config.swift; sourceTree = "<group>"; };
		C855B0A9226F248D00A67B2E /* GenreSelectViewController.swift */ = {isa = PBXFileReference; lastKnownFileType = sourcecode.swift; path = GenreSelectViewController.swift; sourceTree = "<group>"; };
		C855B0AB226F2E9600A67B2E /* GenreCell.swift */ = {isa = PBXFileReference; lastKnownFileType = sourcecode.swift; path = GenreCell.swift; sourceTree = "<group>"; };
		C855B0AD226F5FA300A67B2E /* ArtistSelectViewController.swift */ = {isa = PBXFileReference; lastKnownFileType = sourcecode.swift; path = ArtistSelectViewController.swift; sourceTree = "<group>"; };
		C855B0AF226F9A8C00A67B2E /* ArtistCell.swift */ = {isa = PBXFileReference; lastKnownFileType = sourcecode.swift; path = ArtistCell.swift; sourceTree = "<group>"; };
		C855B0B1226FE1C600A67B2E /* EditProfileViewController.swift */ = {isa = PBXFileReference; lastKnownFileType = sourcecode.swift; path = EditProfileViewController.swift; sourceTree = "<group>"; };
		C8C539D822661D800020C3B8 /* Streamroom.swift */ = {isa = PBXFileReference; lastKnownFileType = sourcecode.swift; path = Streamroom.swift; sourceTree = "<group>"; };
		C8C539DB22662FFD0020C3B8 /* Artist.swift */ = {isa = PBXFileReference; lastKnownFileType = sourcecode.swift; path = Artist.swift; sourceTree = "<group>"; };
		C8C539DD2266300F0020C3B8 /* Genre.swift */ = {isa = PBXFileReference; lastKnownFileType = sourcecode.swift; path = Genre.swift; sourceTree = "<group>"; };
		C8C539E22266B4B60020C3B8 /* StreamCell.swift */ = {isa = PBXFileReference; lastKnownFileType = sourcecode.swift; path = StreamCell.swift; sourceTree = "<group>"; };
		C8C6C3852266BB4F0078BB50 /* StreamViewController.swift */ = {isa = PBXFileReference; lastKnownFileType = sourcecode.swift; path = StreamViewController.swift; sourceTree = "<group>"; };
		C8C6C3872266C5E40078BB50 /* CreateStreamViewController.swift */ = {isa = PBXFileReference; lastKnownFileType = sourcecode.swift; path = CreateStreamViewController.swift; sourceTree = "<group>"; };
		ED5C08DD4E8CF08339A57568 /* Pods-Stream RoomsTests.release.xcconfig */ = {isa = PBXFileReference; includeInIndex = 1; lastKnownFileType = text.xcconfig; name = "Pods-Stream RoomsTests.release.xcconfig"; path = "Pods/Target Support Files/Pods-Stream RoomsTests/Pods-Stream RoomsTests.release.xcconfig"; sourceTree = "<group>"; };
		F7445FBE47876E76E19EE772 /* Pods-Stream RoomsTests.debug.xcconfig */ = {isa = PBXFileReference; includeInIndex = 1; lastKnownFileType = text.xcconfig; name = "Pods-Stream RoomsTests.debug.xcconfig"; path = "Pods/Target Support Files/Pods-Stream RoomsTests/Pods-Stream RoomsTests.debug.xcconfig"; sourceTree = "<group>"; };
/* End PBXFileReference section */

/* Begin PBXFrameworksBuildPhase section */
		7DC584BD225516DE005C9E12 /* Frameworks */ = {
			isa = PBXFrameworksBuildPhase;
			buildActionMask = 2147483647;
			files = (
				C855B0A0226F18E200A67B2E /* SpotifyiOS.framework in Frameworks */,
				039897FB220DE0DB426A854D /* Pods_Stream_Rooms.framework in Frameworks */,
			);
			runOnlyForDeploymentPostprocessing = 0;
		};
		7DC584D1225516E1005C9E12 /* Frameworks */ = {
			isa = PBXFrameworksBuildPhase;
			buildActionMask = 2147483647;
			files = (
				73E7DC4950F860C72BDF402B /* Pods_Stream_RoomsTests.framework in Frameworks */,
			);
			runOnlyForDeploymentPostprocessing = 0;
		};
		7DC584DC225516E1005C9E12 /* Frameworks */ = {
			isa = PBXFrameworksBuildPhase;
			buildActionMask = 2147483647;
			files = (
				90A0D32EEB412934AD4E90A6 /* Pods_Stream_RoomsUITests.framework in Frameworks */,
			);
			runOnlyForDeploymentPostprocessing = 0;
		};
/* End PBXFrameworksBuildPhase section */

/* Begin PBXGroup section */
		6463178C9A071A3EF37241CB /* Pods */ = {
			isa = PBXGroup;
			children = (
				2CFFB3153346FB653C6F71C6 /* Pods-Stream Rooms.debug.xcconfig */,
				0883CE8F03EAC1FABABD125C /* Pods-Stream Rooms.release.xcconfig */,
				F7445FBE47876E76E19EE772 /* Pods-Stream RoomsTests.debug.xcconfig */,
				ED5C08DD4E8CF08339A57568 /* Pods-Stream RoomsTests.release.xcconfig */,
				958F4D74B7D98B370A7F65FD /* Pods-Stream RoomsUITests.debug.xcconfig */,
				4969B92A8E4E44CB029CA4C0 /* Pods-Stream RoomsUITests.release.xcconfig */,
			);
			name = Pods;
			sourceTree = "<group>";
		};
		7DA038242259A3E60068B386 /* View Controllers */ = {
			isa = PBXGroup;
			children = (
				7DB9A87F22568A33008B61DD /* HomeViewController.swift */,
				7DA038252259A4340068B386 /* MusicViewController.swift */,
				7DA038272259A4460068B386 /* SettingsViewController.swift */,
				7DA038292259A4510068B386 /* ProfileViewController.swift */,
				C8C6C3852266BB4F0078BB50 /* StreamViewController.swift */,
				C8C6C3872266C5E40078BB50 /* CreateStreamViewController.swift */,
				C855B0A9226F248D00A67B2E /* GenreSelectViewController.swift */,
				C855B0AD226F5FA300A67B2E /* ArtistSelectViewController.swift */,
				C855B0B1226FE1C600A67B2E /* EditProfileViewController.swift */,
			);
			path = "View Controllers";
			sourceTree = "<group>";
		};
		7DC584B7225516DE005C9E12 = {
			isa = PBXGroup;
			children = (
				7DC584C2225516DE005C9E12 /* Stream Rooms */,
				7DC584D7225516E1005C9E12 /* Stream RoomsTests */,
				7DC584E2225516E1005C9E12 /* Stream RoomsUITests */,
				7DC584C1225516DE005C9E12 /* Products */,
				952896919B7AB36CC60DE0B0 /* Frameworks */,
				C855B0A1226F195B00A67B2E /* Stream Rooms-Bridging-Header.h */,
				6463178C9A071A3EF37241CB /* Pods */,
			);
			sourceTree = "<group>";
		};
		7DC584C1225516DE005C9E12 /* Products */ = {
			isa = PBXGroup;
			children = (
				7DC584C0225516DE005C9E12 /* Stream Rooms.app */,
				7DC584D4225516E1005C9E12 /* Stream RoomsTests.xctest */,
				7DC584DF225516E1005C9E12 /* Stream RoomsUITests.xctest */,
			);
			name = Products;
			sourceTree = "<group>";
		};
		7DC584C2225516DE005C9E12 /* Stream Rooms */ = {
			isa = PBXGroup;
			children = (
				C8C539E12266B4730020C3B8 /* Views */,
				7DA038242259A3E60068B386 /* View Controllers */,
				7DA038222257E1D30068B386 /* RAMAnimatedTabBarController */,
				7DC584C3225516DE005C9E12 /* AppDelegate.swift */,
				7DA0382B225A90E80068B386 /* LoginViewController.swift */,
				7DC584C7225516DE005C9E12 /* Main.storyboard */,
				7DC584CC225516E1005C9E12 /* LaunchScreen.storyboard */,
				7D8460F722570C38009F4D4E /* Assets.xcassets */,
				7DC584CF225516E1005C9E12 /* Info.plist */,
				C8C539DA22662FD90020C3B8 /* Models */,
				C855B0A5226F22BF00A67B2E /* config.swift */,
			);
			path = "Stream Rooms";
			sourceTree = "<group>";
		};
		7DC584D7225516E1005C9E12 /* Stream RoomsTests */ = {
			isa = PBXGroup;
			children = (
				7DC584D8225516E1005C9E12 /* Stream_RoomsTests.swift */,
				7DC584DA225516E1005C9E12 /* Info.plist */,
			);
			path = "Stream RoomsTests";
			sourceTree = "<group>";
		};
		7DC584E2225516E1005C9E12 /* Stream RoomsUITests */ = {
			isa = PBXGroup;
			children = (
				7DC584E3225516E1005C9E12 /* Stream_RoomsUITests.swift */,
				7DC584E5225516E1005C9E12 /* Info.plist */,
			);
			path = "Stream RoomsUITests";
			sourceTree = "<group>";
		};
		952896919B7AB36CC60DE0B0 /* Frameworks */ = {
			isa = PBXGroup;
			children = (
				C855B09F226F18E200A67B2E /* SpotifyiOS.framework */,
				7D624D92226797B0003C4A2E /* Foundation.framework */,
				67FFF8247E8B5F5BEAFB0A03 /* Pods_Stream_Rooms.framework */,
				C69CF2FD2D29EFCE99FBCA33 /* Pods_Stream_RoomsTests.framework */,
				95324A89FF75F17B766DF530 /* Pods_Stream_RoomsUITests.framework */,
			);
			name = Frameworks;
			sourceTree = "<group>";
		};
		C8C539DA22662FD90020C3B8 /* Models */ = {
			isa = PBXGroup;
			children = (
				C8C539D822661D800020C3B8 /* Streamroom.swift */,
				C8C539DB22662FFD0020C3B8 /* Artist.swift */,
				C8C539DD2266300F0020C3B8 /* Genre.swift */,
			);
			path = Models;
			sourceTree = "<group>";
		};
		C8C539E12266B4730020C3B8 /* Views */ = {
			isa = PBXGroup;
			children = (
				7D5FC95F22700391006A2970 /* ChatCell.swift */,
				C8C539E22266B4B60020C3B8 /* StreamCell.swift */,
				C855B0AB226F2E9600A67B2E /* GenreCell.swift */,
				C855B0AF226F9A8C00A67B2E /* ArtistCell.swift */,
			);
			path = Views;
			sourceTree = "<group>";
		};
/* End PBXGroup section */

/* Begin PBXNativeTarget section */
		7DC584BF225516DE005C9E12 /* Stream Rooms */ = {
			isa = PBXNativeTarget;
			buildConfigurationList = 7DC584E8225516E1005C9E12 /* Build configuration list for PBXNativeTarget "Stream Rooms" */;
			buildPhases = (
				C622D5F2E4D1D194AEB24CE0 /* [CP] Check Pods Manifest.lock */,
				7DC584BC225516DE005C9E12 /* Sources */,
				7DC584BD225516DE005C9E12 /* Frameworks */,
				7DC584BE225516DE005C9E12 /* Resources */,
				192F2863023974CEA869B3CD /* [CP] Embed Pods Frameworks */,
			);
			buildRules = (
			);
			dependencies = (
			);
			name = "Stream Rooms";
			productName = "Stream Rooms";
			productReference = 7DC584C0225516DE005C9E12 /* Stream Rooms.app */;
			productType = "com.apple.product-type.application";
		};
		7DC584D3225516E1005C9E12 /* Stream RoomsTests */ = {
			isa = PBXNativeTarget;
			buildConfigurationList = 7DC584EB225516E1005C9E12 /* Build configuration list for PBXNativeTarget "Stream RoomsTests" */;
			buildPhases = (
				5BE7BD85E7498A3F78BFC049 /* [CP] Check Pods Manifest.lock */,
				7DC584D0225516E1005C9E12 /* Sources */,
				7DC584D1225516E1005C9E12 /* Frameworks */,
				7DC584D2225516E1005C9E12 /* Resources */,
			);
			buildRules = (
			);
			dependencies = (
				7DC584D6225516E1005C9E12 /* PBXTargetDependency */,
			);
			name = "Stream RoomsTests";
			productName = "Stream RoomsTests";
			productReference = 7DC584D4225516E1005C9E12 /* Stream RoomsTests.xctest */;
			productType = "com.apple.product-type.bundle.unit-test";
		};
		7DC584DE225516E1005C9E12 /* Stream RoomsUITests */ = {
			isa = PBXNativeTarget;
			buildConfigurationList = 7DC584EE225516E1005C9E12 /* Build configuration list for PBXNativeTarget "Stream RoomsUITests" */;
			buildPhases = (
				264489135573E88A238EC926 /* [CP] Check Pods Manifest.lock */,
				7DC584DB225516E1005C9E12 /* Sources */,
				7DC584DC225516E1005C9E12 /* Frameworks */,
				7DC584DD225516E1005C9E12 /* Resources */,
			);
			buildRules = (
			);
			dependencies = (
				7DC584E1225516E1005C9E12 /* PBXTargetDependency */,
			);
			name = "Stream RoomsUITests";
			productName = "Stream RoomsUITests";
			productReference = 7DC584DF225516E1005C9E12 /* Stream RoomsUITests.xctest */;
			productType = "com.apple.product-type.bundle.ui-testing";
		};
/* End PBXNativeTarget section */

/* Begin PBXProject section */
		7DC584B8225516DE005C9E12 /* Project object */ = {
			isa = PBXProject;
			attributes = {
				LastSwiftUpdateCheck = 1010;
				LastUpgradeCheck = 1010;
				ORGANIZATIONNAME = "Jorge Alejandre";
				TargetAttributes = {
					7DC584BF225516DE005C9E12 = {
						CreatedOnToolsVersion = 10.1;
						LastSwiftMigration = 1010;
					};
					7DC584D3225516E1005C9E12 = {
						CreatedOnToolsVersion = 10.1;
						TestTargetID = 7DC584BF225516DE005C9E12;
					};
					7DC584DE225516E1005C9E12 = {
						CreatedOnToolsVersion = 10.1;
						TestTargetID = 7DC584BF225516DE005C9E12;
					};
				};
			};
			buildConfigurationList = 7DC584BB225516DE005C9E12 /* Build configuration list for PBXProject "Stream Rooms" */;
			compatibilityVersion = "Xcode 9.3";
			developmentRegion = en;
			hasScannedForEncodings = 0;
			knownRegions = (
				en,
				Base,
			);
			mainGroup = 7DC584B7225516DE005C9E12;
			productRefGroup = 7DC584C1225516DE005C9E12 /* Products */;
			projectDirPath = "";
			projectRoot = "";
			targets = (
				7DC584BF225516DE005C9E12 /* Stream Rooms */,
				7DC584D3225516E1005C9E12 /* Stream RoomsTests */,
				7DC584DE225516E1005C9E12 /* Stream RoomsUITests */,
			);
		};
/* End PBXProject section */

/* Begin PBXResourcesBuildPhase section */
		7DC584BE225516DE005C9E12 /* Resources */ = {
			isa = PBXResourcesBuildPhase;
			buildActionMask = 2147483647;
			files = (
				7DC584CE225516E1005C9E12 /* LaunchScreen.storyboard in Resources */,
				7D8460F822570C38009F4D4E /* Assets.xcassets in Resources */,
				7DA038232257E1D30068B386 /* RAMAnimatedTabBarController in Resources */,
				7DC584C9225516DE005C9E12 /* Main.storyboard in Resources */,
			);
			runOnlyForDeploymentPostprocessing = 0;
		};
		7DC584D2225516E1005C9E12 /* Resources */ = {
			isa = PBXResourcesBuildPhase;
			buildActionMask = 2147483647;
			files = (
			);
			runOnlyForDeploymentPostprocessing = 0;
		};
		7DC584DD225516E1005C9E12 /* Resources */ = {
			isa = PBXResourcesBuildPhase;
			buildActionMask = 2147483647;
			files = (
			);
			runOnlyForDeploymentPostprocessing = 0;
		};
/* End PBXResourcesBuildPhase section */

/* Begin PBXShellScriptBuildPhase section */
		192F2863023974CEA869B3CD /* [CP] Embed Pods Frameworks */ = {
			isa = PBXShellScriptBuildPhase;
			buildActionMask = 2147483647;
			files = (
			);
			inputFileListPaths = (
			);
			inputPaths = (
				"${SRCROOT}/Pods/Target Support Files/Pods-Stream Rooms/Pods-Stream Rooms-frameworks.sh",
				"${BUILT_PRODUCTS_DIR}/Alamofire/Alamofire.framework",
				"${BUILT_PRODUCTS_DIR}/Bolts/Bolts.framework",
				"${BUILT_PRODUCTS_DIR}/LTMorphingLabel/LTMorphingLabel.framework",
				"${BUILT_PRODUCTS_DIR}/PMSuperButton/PMSuperButton.framework",
				"${BUILT_PRODUCTS_DIR}/Parse/Parse.framework",
				"${BUILT_PRODUCTS_DIR}/RAMAnimatedTabBarController/RAMAnimatedTabBarController.framework",
			);
			name = "[CP] Embed Pods Frameworks";
			outputFileListPaths = (
			);
			outputPaths = (
				"${TARGET_BUILD_DIR}/${FRAMEWORKS_FOLDER_PATH}/Alamofire.framework",
				"${TARGET_BUILD_DIR}/${FRAMEWORKS_FOLDER_PATH}/Bolts.framework",
				"${TARGET_BUILD_DIR}/${FRAMEWORKS_FOLDER_PATH}/LTMorphingLabel.framework",
				"${TARGET_BUILD_DIR}/${FRAMEWORKS_FOLDER_PATH}/PMSuperButton.framework",
				"${TARGET_BUILD_DIR}/${FRAMEWORKS_FOLDER_PATH}/Parse.framework",
				"${TARGET_BUILD_DIR}/${FRAMEWORKS_FOLDER_PATH}/RAMAnimatedTabBarController.framework",
			);
			runOnlyForDeploymentPostprocessing = 0;
			shellPath = /bin/sh;
			shellScript = "\"${SRCROOT}/Pods/Target Support Files/Pods-Stream Rooms/Pods-Stream Rooms-frameworks.sh\"\n";
			showEnvVarsInLog = 0;
		};
		264489135573E88A238EC926 /* [CP] Check Pods Manifest.lock */ = {
			isa = PBXShellScriptBuildPhase;
			buildActionMask = 2147483647;
			files = (
			);
			inputFileListPaths = (
			);
			inputPaths = (
				"${PODS_PODFILE_DIR_PATH}/Podfile.lock",
				"${PODS_ROOT}/Manifest.lock",
			);
			name = "[CP] Check Pods Manifest.lock";
			outputFileListPaths = (
			);
			outputPaths = (
				"$(DERIVED_FILE_DIR)/Pods-Stream RoomsUITests-checkManifestLockResult.txt",
			);
			runOnlyForDeploymentPostprocessing = 0;
			shellPath = /bin/sh;
			shellScript = "diff \"${PODS_PODFILE_DIR_PATH}/Podfile.lock\" \"${PODS_ROOT}/Manifest.lock\" > /dev/null\nif [ $? != 0 ] ; then\n    # print error to STDERR\n    echo \"error: The sandbox is not in sync with the Podfile.lock. Run 'pod install' or update your CocoaPods installation.\" >&2\n    exit 1\nfi\n# This output is used by Xcode 'outputs' to avoid re-running this script phase.\necho \"SUCCESS\" > \"${SCRIPT_OUTPUT_FILE_0}\"\n";
			showEnvVarsInLog = 0;
		};
		5BE7BD85E7498A3F78BFC049 /* [CP] Check Pods Manifest.lock */ = {
			isa = PBXShellScriptBuildPhase;
			buildActionMask = 2147483647;
			files = (
			);
			inputFileListPaths = (
			);
			inputPaths = (
				"${PODS_PODFILE_DIR_PATH}/Podfile.lock",
				"${PODS_ROOT}/Manifest.lock",
			);
			name = "[CP] Check Pods Manifest.lock";
			outputFileListPaths = (
			);
			outputPaths = (
				"$(DERIVED_FILE_DIR)/Pods-Stream RoomsTests-checkManifestLockResult.txt",
			);
			runOnlyForDeploymentPostprocessing = 0;
			shellPath = /bin/sh;
			shellScript = "diff \"${PODS_PODFILE_DIR_PATH}/Podfile.lock\" \"${PODS_ROOT}/Manifest.lock\" > /dev/null\nif [ $? != 0 ] ; then\n    # print error to STDERR\n    echo \"error: The sandbox is not in sync with the Podfile.lock. Run 'pod install' or update your CocoaPods installation.\" >&2\n    exit 1\nfi\n# This output is used by Xcode 'outputs' to avoid re-running this script phase.\necho \"SUCCESS\" > \"${SCRIPT_OUTPUT_FILE_0}\"\n";
			showEnvVarsInLog = 0;
		};
		C622D5F2E4D1D194AEB24CE0 /* [CP] Check Pods Manifest.lock */ = {
			isa = PBXShellScriptBuildPhase;
			buildActionMask = 2147483647;
			files = (
			);
			inputFileListPaths = (
			);
			inputPaths = (
				"${PODS_PODFILE_DIR_PATH}/Podfile.lock",
				"${PODS_ROOT}/Manifest.lock",
			);
			name = "[CP] Check Pods Manifest.lock";
			outputFileListPaths = (
			);
			outputPaths = (
				"$(DERIVED_FILE_DIR)/Pods-Stream Rooms-checkManifestLockResult.txt",
			);
			runOnlyForDeploymentPostprocessing = 0;
			shellPath = /bin/sh;
			shellScript = "diff \"${PODS_PODFILE_DIR_PATH}/Podfile.lock\" \"${PODS_ROOT}/Manifest.lock\" > /dev/null\nif [ $? != 0 ] ; then\n    # print error to STDERR\n    echo \"error: The sandbox is not in sync with the Podfile.lock. Run 'pod install' or update your CocoaPods installation.\" >&2\n    exit 1\nfi\n# This output is used by Xcode 'outputs' to avoid re-running this script phase.\necho \"SUCCESS\" > \"${SCRIPT_OUTPUT_FILE_0}\"\n";
			showEnvVarsInLog = 0;
		};
/* End PBXShellScriptBuildPhase section */

/* Begin PBXSourcesBuildPhase section */
		7DC584BC225516DE005C9E12 /* Sources */ = {
			isa = PBXSourcesBuildPhase;
			buildActionMask = 2147483647;
			files = (
				C855B0AA226F248D00A67B2E /* GenreSelectViewController.swift in Sources */,
				C8C539DE2266300F0020C3B8 /* Genre.swift in Sources */,
				C855B0AE226F5FA300A67B2E /* ArtistSelectViewController.swift in Sources */,
				7D5FC96022700391006A2970 /* ChatCell.swift in Sources */,
				7DA0382C225A90E80068B386 /* LoginViewController.swift in Sources */,
				C8C6C3862266BB4F0078BB50 /* StreamViewController.swift in Sources */,
				C855B0A6226F22BF00A67B2E /* config.swift in Sources */,
				7DA0382A2259A4510068B386 /* ProfileViewController.swift in Sources */,
				7DA038262259A4340068B386 /* MusicViewController.swift in Sources */,
				C855B0B2226FE1C600A67B2E /* EditProfileViewController.swift in Sources */,
				7DC584C4225516DE005C9E12 /* AppDelegate.swift in Sources */,
				C855B0AC226F2E9600A67B2E /* GenreCell.swift in Sources */,
				7DA038282259A4460068B386 /* SettingsViewController.swift in Sources */,
				C855B0B0226F9A8C00A67B2E /* ArtistCell.swift in Sources */,
				7DB9A88022568A33008B61DD /* HomeViewController.swift in Sources */,
				C8C6C3882266C5E40078BB50 /* CreateStreamViewController.swift in Sources */,
				C8C539DC22662FFD0020C3B8 /* Artist.swift in Sources */,
				C8C539D922661D800020C3B8 /* Streamroom.swift in Sources */,
				C8C539E32266B4B60020C3B8 /* StreamCell.swift in Sources */,
			);
			runOnlyForDeploymentPostprocessing = 0;
		};
		7DC584D0225516E1005C9E12 /* Sources */ = {
			isa = PBXSourcesBuildPhase;
			buildActionMask = 2147483647;
			files = (
				7DC584D9225516E1005C9E12 /* Stream_RoomsTests.swift in Sources */,
			);
			runOnlyForDeploymentPostprocessing = 0;
		};
		7DC584DB225516E1005C9E12 /* Sources */ = {
			isa = PBXSourcesBuildPhase;
			buildActionMask = 2147483647;
			files = (
				7DC584E4225516E1005C9E12 /* Stream_RoomsUITests.swift in Sources */,
			);
			runOnlyForDeploymentPostprocessing = 0;
		};
/* End PBXSourcesBuildPhase section */

/* Begin PBXTargetDependency section */
		7DC584D6225516E1005C9E12 /* PBXTargetDependency */ = {
			isa = PBXTargetDependency;
			target = 7DC584BF225516DE005C9E12 /* Stream Rooms */;
			targetProxy = 7DC584D5225516E1005C9E12 /* PBXContainerItemProxy */;
		};
		7DC584E1225516E1005C9E12 /* PBXTargetDependency */ = {
			isa = PBXTargetDependency;
			target = 7DC584BF225516DE005C9E12 /* Stream Rooms */;
			targetProxy = 7DC584E0225516E1005C9E12 /* PBXContainerItemProxy */;
		};
/* End PBXTargetDependency section */

/* Begin PBXVariantGroup section */
		7DC584C7225516DE005C9E12 /* Main.storyboard */ = {
			isa = PBXVariantGroup;
			children = (
				7DC584C8225516DE005C9E12 /* Base */,
			);
			name = Main.storyboard;
			sourceTree = "<group>";
		};
		7DC584CC225516E1005C9E12 /* LaunchScreen.storyboard */ = {
			isa = PBXVariantGroup;
			children = (
				7DC584CD225516E1005C9E12 /* Base */,
			);
			name = LaunchScreen.storyboard;
			sourceTree = "<group>";
		};
/* End PBXVariantGroup section */

/* Begin XCBuildConfiguration section */
		7DC584E6225516E1005C9E12 /* Debug */ = {
			isa = XCBuildConfiguration;
			buildSettings = {
				ALWAYS_SEARCH_USER_PATHS = NO;
				CLANG_ANALYZER_NONNULL = YES;
				CLANG_ANALYZER_NUMBER_OBJECT_CONVERSION = YES_AGGRESSIVE;
				CLANG_CXX_LANGUAGE_STANDARD = "gnu++14";
				CLANG_CXX_LIBRARY = "libc++";
				CLANG_ENABLE_MODULES = YES;
				CLANG_ENABLE_OBJC_ARC = YES;
				CLANG_ENABLE_OBJC_WEAK = YES;
				CLANG_WARN_BLOCK_CAPTURE_AUTORELEASING = YES;
				CLANG_WARN_BOOL_CONVERSION = YES;
				CLANG_WARN_COMMA = YES;
				CLANG_WARN_CONSTANT_CONVERSION = YES;
				CLANG_WARN_DEPRECATED_OBJC_IMPLEMENTATIONS = YES;
				CLANG_WARN_DIRECT_OBJC_ISA_USAGE = YES_ERROR;
				CLANG_WARN_DOCUMENTATION_COMMENTS = YES;
				CLANG_WARN_EMPTY_BODY = YES;
				CLANG_WARN_ENUM_CONVERSION = YES;
				CLANG_WARN_INFINITE_RECURSION = YES;
				CLANG_WARN_INT_CONVERSION = YES;
				CLANG_WARN_NON_LITERAL_NULL_CONVERSION = YES;
				CLANG_WARN_OBJC_IMPLICIT_RETAIN_SELF = YES;
				CLANG_WARN_OBJC_LITERAL_CONVERSION = YES;
				CLANG_WARN_OBJC_ROOT_CLASS = YES_ERROR;
				CLANG_WARN_RANGE_LOOP_ANALYSIS = YES;
				CLANG_WARN_STRICT_PROTOTYPES = YES;
				CLANG_WARN_SUSPICIOUS_MOVE = YES;
				CLANG_WARN_UNGUARDED_AVAILABILITY = YES_AGGRESSIVE;
				CLANG_WARN_UNREACHABLE_CODE = YES;
				CLANG_WARN__DUPLICATE_METHOD_MATCH = YES;
				CODE_SIGN_IDENTITY = "iPhone Developer";
				COPY_PHASE_STRIP = NO;
				DEBUG_INFORMATION_FORMAT = dwarf;
				ENABLE_STRICT_OBJC_MSGSEND = YES;
				ENABLE_TESTABILITY = YES;
				GCC_C_LANGUAGE_STANDARD = gnu11;
				GCC_DYNAMIC_NO_PIC = NO;
				GCC_NO_COMMON_BLOCKS = YES;
				GCC_OPTIMIZATION_LEVEL = 0;
				GCC_PREPROCESSOR_DEFINITIONS = (
					"DEBUG=1",
					"$(inherited)",
				);
				GCC_WARN_64_TO_32_BIT_CONVERSION = YES;
				GCC_WARN_ABOUT_RETURN_TYPE = YES_ERROR;
				GCC_WARN_UNDECLARED_SELECTOR = YES;
				GCC_WARN_UNINITIALIZED_AUTOS = YES_AGGRESSIVE;
				GCC_WARN_UNUSED_FUNCTION = YES;
				GCC_WARN_UNUSED_VARIABLE = YES;
				IPHONEOS_DEPLOYMENT_TARGET = 12.1;
				MTL_ENABLE_DEBUG_INFO = INCLUDE_SOURCE;
				MTL_FAST_MATH = YES;
				ONLY_ACTIVE_ARCH = YES;
				SDKROOT = iphoneos;
				SWIFT_ACTIVE_COMPILATION_CONDITIONS = DEBUG;
				SWIFT_OPTIMIZATION_LEVEL = "-Onone";
			};
			name = Debug;
		};
		7DC584E7225516E1005C9E12 /* Release */ = {
			isa = XCBuildConfiguration;
			buildSettings = {
				ALWAYS_SEARCH_USER_PATHS = NO;
				CLANG_ANALYZER_NONNULL = YES;
				CLANG_ANALYZER_NUMBER_OBJECT_CONVERSION = YES_AGGRESSIVE;
				CLANG_CXX_LANGUAGE_STANDARD = "gnu++14";
				CLANG_CXX_LIBRARY = "libc++";
				CLANG_ENABLE_MODULES = YES;
				CLANG_ENABLE_OBJC_ARC = YES;
				CLANG_ENABLE_OBJC_WEAK = YES;
				CLANG_WARN_BLOCK_CAPTURE_AUTORELEASING = YES;
				CLANG_WARN_BOOL_CONVERSION = YES;
				CLANG_WARN_COMMA = YES;
				CLANG_WARN_CONSTANT_CONVERSION = YES;
				CLANG_WARN_DEPRECATED_OBJC_IMPLEMENTATIONS = YES;
				CLANG_WARN_DIRECT_OBJC_ISA_USAGE = YES_ERROR;
				CLANG_WARN_DOCUMENTATION_COMMENTS = YES;
				CLANG_WARN_EMPTY_BODY = YES;
				CLANG_WARN_ENUM_CONVERSION = YES;
				CLANG_WARN_INFINITE_RECURSION = YES;
				CLANG_WARN_INT_CONVERSION = YES;
				CLANG_WARN_NON_LITERAL_NULL_CONVERSION = YES;
				CLANG_WARN_OBJC_IMPLICIT_RETAIN_SELF = YES;
				CLANG_WARN_OBJC_LITERAL_CONVERSION = YES;
				CLANG_WARN_OBJC_ROOT_CLASS = YES_ERROR;
				CLANG_WARN_RANGE_LOOP_ANALYSIS = YES;
				CLANG_WARN_STRICT_PROTOTYPES = YES;
				CLANG_WARN_SUSPICIOUS_MOVE = YES;
				CLANG_WARN_UNGUARDED_AVAILABILITY = YES_AGGRESSIVE;
				CLANG_WARN_UNREACHABLE_CODE = YES;
				CLANG_WARN__DUPLICATE_METHOD_MATCH = YES;
				CODE_SIGN_IDENTITY = "iPhone Developer";
				COPY_PHASE_STRIP = NO;
				DEBUG_INFORMATION_FORMAT = "dwarf-with-dsym";
				ENABLE_NS_ASSERTIONS = NO;
				ENABLE_STRICT_OBJC_MSGSEND = YES;
				GCC_C_LANGUAGE_STANDARD = gnu11;
				GCC_NO_COMMON_BLOCKS = YES;
				GCC_WARN_64_TO_32_BIT_CONVERSION = YES;
				GCC_WARN_ABOUT_RETURN_TYPE = YES_ERROR;
				GCC_WARN_UNDECLARED_SELECTOR = YES;
				GCC_WARN_UNINITIALIZED_AUTOS = YES_AGGRESSIVE;
				GCC_WARN_UNUSED_FUNCTION = YES;
				GCC_WARN_UNUSED_VARIABLE = YES;
				IPHONEOS_DEPLOYMENT_TARGET = 12.1;
				MTL_ENABLE_DEBUG_INFO = NO;
				MTL_FAST_MATH = YES;
				SDKROOT = iphoneos;
				SWIFT_COMPILATION_MODE = wholemodule;
				SWIFT_OPTIMIZATION_LEVEL = "-O";
				VALIDATE_PRODUCT = YES;
			};
			name = Release;
		};
		7DC584E9225516E1005C9E12 /* Debug */ = {
			isa = XCBuildConfiguration;
			baseConfigurationReference = 2CFFB3153346FB653C6F71C6 /* Pods-Stream Rooms.debug.xcconfig */;
			buildSettings = {
				ASSETCATALOG_COMPILER_APPICON_NAME = AppIcon;
				CLANG_ENABLE_MODULES = YES;
				CODE_SIGN_STYLE = Automatic;
				FRAMEWORK_SEARCH_PATHS = (
					"$(inherited)",
					"$(PROJECT_DIR)",
				);
				INFOPLIST_FILE = "Stream Rooms/Info.plist";
				LD_RUNPATH_SEARCH_PATHS = (
					"$(inherited)",
					"@executable_path/Frameworks",
				);
				OTHER_LDFLAGS = (
					"$(inherited)",
					"-framework",
					"\"Bolts\"",
					"-framework",
					"\"Parse\"",
					"-framework",
					"\"RAMAnimatedTabBarController\"",
					"-ObjC",
				);
				PRODUCT_BUNDLE_IDENTIFIER = "Stream-Rooms.Stream-Rooms";
				PRODUCT_NAME = "$(TARGET_NAME)";
				SWIFT_OBJC_BRIDGING_HEADER = "Stream Rooms-Bridging-Header.h";
				SWIFT_OPTIMIZATION_LEVEL = "-Onone";
				SWIFT_VERSION = 4.2;
				TARGETED_DEVICE_FAMILY = "1,2";
			};
			name = Debug;
		};
		7DC584EA225516E1005C9E12 /* Release */ = {
			isa = XCBuildConfiguration;
			baseConfigurationReference = 0883CE8F03EAC1FABABD125C /* Pods-Stream Rooms.release.xcconfig */;
			buildSettings = {
				ASSETCATALOG_COMPILER_APPICON_NAME = AppIcon;
				CLANG_ENABLE_MODULES = YES;
				CODE_SIGN_STYLE = Automatic;
				FRAMEWORK_SEARCH_PATHS = (
					"$(inherited)",
					"$(PROJECT_DIR)",
				);
				INFOPLIST_FILE = "Stream Rooms/Info.plist";
				LD_RUNPATH_SEARCH_PATHS = (
					"$(inherited)",
					"@executable_path/Frameworks",
				);
				OTHER_LDFLAGS = (
					"$(inherited)",
					"-framework",
					"\"Bolts\"",
					"-framework",
					"\"Parse\"",
					"-framework",
					"\"RAMAnimatedTabBarController\"",
					"-ObjC",
				);
				PRODUCT_BUNDLE_IDENTIFIER = "Stream-Rooms.Stream-Rooms";
				PRODUCT_NAME = "$(TARGET_NAME)";
				SWIFT_OBJC_BRIDGING_HEADER = "Stream Rooms-Bridging-Header.h";
				SWIFT_VERSION = 4.2;
				TARGETED_DEVICE_FAMILY = "1,2";
			};
			name = Release;
		};
		7DC584EC225516E1005C9E12 /* Debug */ = {
			isa = XCBuildConfiguration;
			baseConfigurationReference = F7445FBE47876E76E19EE772 /* Pods-Stream RoomsTests.debug.xcconfig */;
			buildSettings = {
				ALWAYS_EMBED_SWIFT_STANDARD_LIBRARIES = YES;
				BUNDLE_LOADER = "$(TEST_HOST)";
				CODE_SIGN_STYLE = Automatic;
				INFOPLIST_FILE = "Stream RoomsTests/Info.plist";
				LD_RUNPATH_SEARCH_PATHS = (
					"$(inherited)",
					"@executable_path/Frameworks",
					"@loader_path/Frameworks",
				);
				PRODUCT_BUNDLE_IDENTIFIER = "Stream-Rooms.Stream-RoomsTests";
				PRODUCT_NAME = "$(TARGET_NAME)";
				SWIFT_VERSION = 4.2;
				TARGETED_DEVICE_FAMILY = "1,2";
				TEST_HOST = "$(BUILT_PRODUCTS_DIR)/Stream Rooms.app/Stream Rooms";
			};
			name = Debug;
		};
		7DC584ED225516E1005C9E12 /* Release */ = {
			isa = XCBuildConfiguration;
			baseConfigurationReference = ED5C08DD4E8CF08339A57568 /* Pods-Stream RoomsTests.release.xcconfig */;
			buildSettings = {
				ALWAYS_EMBED_SWIFT_STANDARD_LIBRARIES = YES;
				BUNDLE_LOADER = "$(TEST_HOST)";
				CODE_SIGN_STYLE = Automatic;
				INFOPLIST_FILE = "Stream RoomsTests/Info.plist";
				LD_RUNPATH_SEARCH_PATHS = (
					"$(inherited)",
					"@executable_path/Frameworks",
					"@loader_path/Frameworks",
				);
				PRODUCT_BUNDLE_IDENTIFIER = "Stream-Rooms.Stream-RoomsTests";
				PRODUCT_NAME = "$(TARGET_NAME)";
				SWIFT_VERSION = 4.2;
				TARGETED_DEVICE_FAMILY = "1,2";
				TEST_HOST = "$(BUILT_PRODUCTS_DIR)/Stream Rooms.app/Stream Rooms";
			};
			name = Release;
		};
		7DC584EF225516E1005C9E12 /* Debug */ = {
			isa = XCBuildConfiguration;
			baseConfigurationReference = 958F4D74B7D98B370A7F65FD /* Pods-Stream RoomsUITests.debug.xcconfig */;
			buildSettings = {
				ALWAYS_EMBED_SWIFT_STANDARD_LIBRARIES = YES;
				CODE_SIGN_STYLE = Automatic;
				INFOPLIST_FILE = "Stream RoomsUITests/Info.plist";
				LD_RUNPATH_SEARCH_PATHS = (
					"$(inherited)",
					"@executable_path/Frameworks",
					"@loader_path/Frameworks",
				);
				PRODUCT_BUNDLE_IDENTIFIER = "Stream-Rooms.Stream-RoomsUITests";
				PRODUCT_NAME = "$(TARGET_NAME)";
				SWIFT_VERSION = 4.2;
				TARGETED_DEVICE_FAMILY = "1,2";
				TEST_TARGET_NAME = "Stream Rooms";
			};
			name = Debug;
		};
		7DC584F0225516E1005C9E12 /* Release */ = {
			isa = XCBuildConfiguration;
			baseConfigurationReference = 4969B92A8E4E44CB029CA4C0 /* Pods-Stream RoomsUITests.release.xcconfig */;
			buildSettings = {
				ALWAYS_EMBED_SWIFT_STANDARD_LIBRARIES = YES;
				CODE_SIGN_STYLE = Automatic;
				INFOPLIST_FILE = "Stream RoomsUITests/Info.plist";
				LD_RUNPATH_SEARCH_PATHS = (
					"$(inherited)",
					"@executable_path/Frameworks",
					"@loader_path/Frameworks",
				);
				PRODUCT_BUNDLE_IDENTIFIER = "Stream-Rooms.Stream-RoomsUITests";
				PRODUCT_NAME = "$(TARGET_NAME)";
				SWIFT_VERSION = 4.2;
				TARGETED_DEVICE_FAMILY = "1,2";
				TEST_TARGET_NAME = "Stream Rooms";
			};
			name = Release;
		};
/* End XCBuildConfiguration section */

/* Begin XCConfigurationList section */
		7DC584BB225516DE005C9E12 /* Build configuration list for PBXProject "Stream Rooms" */ = {
			isa = XCConfigurationList;
			buildConfigurations = (
				7DC584E6225516E1005C9E12 /* Debug */,
				7DC584E7225516E1005C9E12 /* Release */,
			);
			defaultConfigurationIsVisible = 0;
			defaultConfigurationName = Release;
		};
		7DC584E8225516E1005C9E12 /* Build configuration list for PBXNativeTarget "Stream Rooms" */ = {
			isa = XCConfigurationList;
			buildConfigurations = (
				7DC584E9225516E1005C9E12 /* Debug */,
				7DC584EA225516E1005C9E12 /* Release */,
			);
			defaultConfigurationIsVisible = 0;
			defaultConfigurationName = Release;
		};
		7DC584EB225516E1005C9E12 /* Build configuration list for PBXNativeTarget "Stream RoomsTests" */ = {
			isa = XCConfigurationList;
			buildConfigurations = (
				7DC584EC225516E1005C9E12 /* Debug */,
				7DC584ED225516E1005C9E12 /* Release */,
			);
			defaultConfigurationIsVisible = 0;
			defaultConfigurationName = Release;
		};
		7DC584EE225516E1005C9E12 /* Build configuration list for PBXNativeTarget "Stream RoomsUITests" */ = {
			isa = XCConfigurationList;
			buildConfigurations = (
				7DC584EF225516E1005C9E12 /* Debug */,
				7DC584F0225516E1005C9E12 /* Release */,
			);
			defaultConfigurationIsVisible = 0;
			defaultConfigurationName = Release;
		};
/* End XCConfigurationList section */
	};
	rootObject = 7DC584B8225516DE005C9E12 /* Project object */;
}
